{
    "_readme": [
        "This file locks the dependencies of your project to a known state",
        "Read more about it at https://getcomposer.org/doc/01-basic-usage.md#composer-lock-the-lock-file",
        "This file is @generated automatically"
    ],
    "hash": "53991c4b5b1555667799b2f7a3915193",
    "content-hash": "a6c8fa4d1493229bdf9031c2a7063966",
    "packages": [],
    "packages-dev": [
        {
            "name": "jdgrimes/wp-filesystem-mock",
            "version": "0.1.1",
            "source": {
                "type": "git",
                "url": "https://github.com/JDGrimes/wp-filesystem-mock.git",
                "reference": "5606c0ab6c6fd52a5d38498a06538682445a4050"
            },
            "dist": {
                "type": "zip",
                "url": "https://api.github.com/repos/JDGrimes/wp-filesystem-mock/zipball/5606c0ab6c6fd52a5d38498a06538682445a4050",
                "reference": "5606c0ab6c6fd52a5d38498a06538682445a4050",
                "shasum": ""
            },
            "require": {
                "php": ">=5.2.0"
            },
            "type": "library",
            "autoload": {
                "classmap": [
                    "src/"
                ]
            },
            "notification-url": "https://packagist.org/downloads/",
            "license": [
                "MIT"
            ],
            "authors": [
                {
                    "name": "J.D. Grimes",
                    "email": "jdg@codesymphony.co",
                    "homepage": "http://codesymphony.co",
                    "role": "Developer"
                }
            ],
            "description": "Shim for the WordPress filesystem API to use a mock filesystem in PHPUnit tests",
            "homepage": "https://github.com/JDGrimes/wp-filesystem-mock",
            "time": "2016-09-09 19:49:03"
        },
        {
            "name": "jdgrimes/wpppb",
            "version": "0.1.1",
            "source": {
                "type": "git",
                "url": "https://github.com/JDGrimes/wpppb.git",
                "reference": "3443970c2e60d92db18477162bb841576e282209"
            },
            "dist": {
                "type": "zip",
                "url": "https://api.github.com/repos/JDGrimes/wpppb/zipball/3443970c2e60d92db18477162bb841576e282209",
                "reference": "3443970c2e60d92db18477162bb841576e282209",
                "shasum": ""
            },
            "require": {
                "php": ">=5.2.0"
            },
            "type": "library",
            "autoload": {
                "psr-0": {
                    "WPPPB_": "src/"
                }
            },
            "notification-url": "https://packagist.org/downloads/",
            "license": [
                "MIT"
            ],
            "authors": [
                {
                    "name": "J.D. Grimes",
                    "email": "jdg@codesymphony.co",
                    "homepage": "http://codesymphony.co",
                    "role": "Developer"
                }
            ],
            "description": "Bootstrap for integration testing WordPress plugins with PHPUnit",
            "homepage": "https://github.com/JDGrimes/wpppb",
            "time": "2016-09-14 14:18:51"
        },
        {
            "name": "xrstf/composer-php52",
            "version": "v1.0.20",
            "source": {
                "type": "git",
                "url": "https://github.com/composer-php52/composer-php52.git",
                "reference": "bd41459d5e27df8d33057842b32377c39e97a5a8"
            },
            "dist": {
                "type": "zip",
                "url": "https://api.github.com/repos/composer-php52/composer-php52/zipball/bd41459d5e27df8d33057842b32377c39e97a5a8",
                "reference": "bd41459d5e27df8d33057842b32377c39e97a5a8",
                "shasum": ""
            },
            "type": "library",
            "extra": {
                "branch-alias": {
                    "dev-default": "1.x-dev"
                }
            },
            "autoload": {
                "psr-0": {
                    "xrstf\\Composer52": "lib/"
                }
            },
            "notification-url": "https://packagist.org/downloads/",
            "license": [
                "MIT"
            ],
            "time": "2016-04-16 21:52:24"
        }
    ],
    "aliases": [],
    "minimum-stability": "stable",
    "stability-flags": [],
    "prefer-stable": false,
    "prefer-lowest": false,
    "platform": {
        "php": ">=5.2.0"
    },
    "platform-dev": []
}
