{
    "_readme": [
        "This file locks the dependencies of your project to a known state",
        "Read more about it at https://getcomposer.org/doc/01-basic-usage.md#composer-lock-the-lock-file",
        "This file is @generated automatically"
    ],
    "content-hash": "2fe23a8ccee92bf588ea9d8703b25b62",
    "packages": [],
    "packages-dev": [
        {
            "name": "jdgrimes/wp-filesystem-mock",
            "version": "0.1.1",
            "source": {
                "type": "git",
                "url": "https://github.com/JDGrimes/wp-filesystem-mock.git",
                "reference": "5606c0ab6c6fd52a5d38498a06538682445a4050"
            },
            "dist": {
                "type": "zip",
                "url": "https://api.github.com/repos/JDGrimes/wp-filesystem-mock/zipball/5606c0ab6c6fd52a5d38498a06538682445a4050",
                "reference": "5606c0ab6c6fd52a5d38498a06538682445a4050",
                "shasum": ""
            },
            "require": {
                "php": ">=5.2.0"
            },
            "type": "library",
            "autoload": {
                "classmap": [
                    "src/"
                ]
            },
            "notification-url": "https://packagist.org/downloads/",
            "license": [
                "MIT"
            ],
            "authors": [
                {
                    "name": "J.D. Grimes",
                    "email": "jdg@codesymphony.co",
                    "homepage": "http://codesymphony.co",
                    "role": "Developer"
                }
            ],
            "description": "Shim for the WordPress filesystem API to use a mock filesystem in PHPUnit tests",
            "homepage": "https://github.com/JDGrimes/wp-filesystem-mock",
            "time": "2016-09-09T19:49:03+00:00"
        },
        {
            "name": "jdgrimes/wp-http-testcase",
            "version": "1.3.0",
            "source": {
                "type": "git",
                "url": "https://github.com/JDGrimes/wp-http-testcase.git",
                "reference": "3f3f57e231868e819ded99d437b14af59eaf8723"
            },
            "dist": {
                "type": "zip",
                "url": "https://api.github.com/repos/JDGrimes/wp-http-testcase/zipball/3f3f57e231868e819ded99d437b14af59eaf8723",
                "reference": "3f3f57e231868e819ded99d437b14af59eaf8723",
                "shasum": ""
            },
            "require": {
                "php": ">=5.2.0"
            },
            "type": "library",
            "autoload": {
                "classmap": [
                    "wp-http-testcase.php"
                ]
            },
            "notification-url": "https://packagist.org/downloads/",
            "license": [
                "MIT"
            ],
            "authors": [
                {
                    "name": "J.D. Grimes",
                    "email": "jdg@codesymphony.co",
                    "homepage": "http://codesymphony.co",
                    "role": "Developer"
                }
            ],
            "description": "PHPUnit testcase for WordPress code involving HTTP requests",
            "homepage": "https://github.com/JDGrimes/wp-http-testcase",
            "time": "2017-03-23T14:28:50+00:00"
        },
        {
            "name": "jdgrimes/wpppb",
            "version": "0.2.3",
            "source": {
                "type": "git",
                "url": "https://github.com/JDGrimes/wpppb.git",
                "reference": "2574c5a3fc700a30cfcec2f577c4983a4f49409a"
            },
            "dist": {
                "type": "zip",
                "url": "https://api.github.com/repos/JDGrimes/wpppb/zipball/2574c5a3fc700a30cfcec2f577c4983a4f49409a",
                "reference": "2574c5a3fc700a30cfcec2f577c4983a4f49409a",
                "shasum": ""
            },
            "require": {
                "php": ">=5.2.0"
            },
            "bin": [
                "bin/wpppb-init"
            ],
            "type": "library",
            "autoload": {
                "psr-0": {
                    "WPPPB_": "src/"
                }
            },
            "notification-url": "https://packagist.org/downloads/",
            "license": [
                "MIT"
            ],
            "authors": [
                {
                    "name": "J.D. Grimes",
                    "email": "jdg@codesymphony.co",
                    "homepage": "http://codesymphony.co",
                    "role": "Developer"
                }
            ],
            "description": "Bootstrap for integration testing WordPress plugins with PHPUnit",
            "homepage": "https://github.com/JDGrimes/wpppb",
            "time": "2017-01-17T15:02:34+00:00"
        },
        {
            "name": "xrstf/composer-php52",
            "version": "v1.0.20",
            "source": {
                "type": "git",
                "url": "https://github.com/composer-php52/composer-php52.git",
                "reference": "bd41459d5e27df8d33057842b32377c39e97a5a8"
            },
            "dist": {
                "type": "zip",
                "url": "https://api.github.com/repos/composer-php52/composer-php52/zipball/bd41459d5e27df8d33057842b32377c39e97a5a8",
                "reference": "bd41459d5e27df8d33057842b32377c39e97a5a8",
                "shasum": ""
            },
            "type": "library",
            "extra": {
                "branch-alias": {
                    "dev-default": "1.x-dev"
                }
            },
            "autoload": {
                "psr-0": {
                    "xrstf\\Composer52": "lib/"
                }
            },
            "notification-url": "https://packagist.org/downloads/",
            "license": [
                "MIT"
            ],
            "time": "2016-04-16T21:52:24+00:00"
        }
    ],
    "aliases": [],
    "minimum-stability": "stable",
    "stability-flags": [],
    "prefer-stable": false,
    "prefer-lowest": false,
    "platform": {
        "php": ">=5.2.0"
    },
    "platform-dev": []
}
